
Microsoft Visual Studio Solution File, Format Version 12.00
# Visual Studio Version 17
VisualStudioVersion = 17.2.32630.192
MinimumVisualStudioVersion = 10.0.40219.1
Project("{FAE04EC0-301F-11D3-BF4B-00C04F79EFBC}") = "Proyecto-ADAPTER", "Proyecto-ADAPTER\Proyecto-ADAPTER.csproj", "{3FEF849D-A8FA-49D5-91F4-5711E711C30A}"
EndProject
Global
	GlobalSection(SolutionConfigurationPlatforms) = preSolution
		Debug|Any CPU = Debug|Any CPU
		Release|Any CPU = Release|Any CPU
	EndGlobalSection
	GlobalSection(ProjectConfigurationPlatforms) = postSolution
		{3FEF849D-A8FA-49D5-91F4-5711E711C30A}.Debug|Any CPU.ActiveCfg = Debug|Any CPU
		{3FEF849D-A8FA-49D5-91F4-5711E711C30A}.Debug|Any CPU.Build.0 = Debug|Any CPU
		{3FEF849D-A8FA-49D5-91F4-5711E711C30A}.Release|Any CPU.ActiveCfg = Release|Any CPU
		{3FEF849D-A8FA-49D5-91F4-5711E711C30A}.Release|Any CPU.Build.0 = Release|Any CPU
	EndGlobalSection
	GlobalSection(SolutionProperties) = preSolution
		HideSolutionNode = FALSE
	EndGlobalSection
	GlobalSection(ExtensibilityGlobals) = postSolution
		SolutionGuid = {650D1B6D-D108-4B64-9185-846DA8574542}
	EndGlobalSection
EndGlobal
